
Microsoft Visual Studio Solution File, Format Version 12.00
# Visual Studio 15
VisualStudioVersion = 15.0.26430.12
MinimumVisualStudioVersion = 10.0.40219.1
Project("{FAE04EC0-301F-11D3-BF4B-00C04F79EFBC}") = "AddressSearchApp.Android", "AddressSearchApp\AddressSearchApp.Android\AddressSearchApp.Android.csproj", "{BD810819-925A-440C-94E2-CE68FE3DC086}"
EndProject
Project("{FAE04EC0-301F-11D3-BF4B-00C04F79EFBC}") = "AddressSearchApp", "AddressSearchApp\AddressSearchApp\AddressSearchApp.csproj", "{97ACBD89-5473-4EFD-8BE4-77D9C9A69912}"
EndProject
Project("{FAE04EC0-301F-11D3-BF4B-00C04F79EFBC}") = "AddressSearchApp.UWP", "AddressSearchApp\AddressSearchApp.UWP\AddressSearchApp.UWP.csproj", "{F4F375D0-20FC-4B7E-97E7-8F39AC5BD245}"
EndProject
Project("{FAE04EC0-301F-11D3-BF4B-00C04F79EFBC}") = "AddressSearchApp.iOS", "AddressSearchApp\AddressSearchApp.iOS\AddressSearchApp.iOS.csproj", "{9A231869-96F3-4C73-B50B-2E25B8A8B9BF}"
EndProject
Global
	GlobalSection(SolutionConfigurationPlatforms) = preSolution
		Ad-Hoc|Any CPU = Ad-Hoc|Any CPU
		Ad-Hoc|ARM = Ad-Hoc|ARM
		Ad-Hoc|iPhone = Ad-Hoc|iPhone
		Ad-Hoc|iPhoneSimulator = Ad-Hoc|iPhoneSimulator
		Ad-Hoc|x64 = Ad-Hoc|x64
		Ad-Hoc|x86 = Ad-Hoc|x86
		AppStore|Any CPU = AppStore|Any CPU
		AppStore|ARM = AppStore|ARM
		AppStore|iPhone = AppStore|iPhone
		AppStore|iPhoneSimulator = AppStore|iPhoneSimulator
		AppStore|x64 = AppStore|x64
		AppStore|x86 = AppStore|x86
		Debug|Any CPU = Debug|Any CPU
		Debug|ARM = Debug|ARM
		Debug|iPhone = Debug|iPhone
		Debug|iPhoneSimulator = Debug|iPhoneSimulator
		Debug|x64 = Debug|x64
		Debug|x86 = Debug|x86
		Release|Any CPU = Release|Any CPU
		Release|ARM = Release|ARM
		Release|iPhone = Release|iPhone
		Release|iPhoneSimulator = Release|iPhoneSimulator
		Release|x64 = Release|x64
		Release|x86 = Release|x86
	EndGlobalSection
	GlobalSection(ProjectConfigurationPlatforms) = postSolution
		{BD810819-925A-440C-94E2-CE68FE3DC086}.Ad-Hoc|Any CPU.ActiveCfg = Release|Any CPU
		{BD810819-925A-440C-94E2-CE68FE3DC086}.Ad-Hoc|Any CPU.Build.0 = Release|Any CPU
		{BD810819-925A-440C-94E2-CE68FE3DC086}.Ad-Hoc|Any CPU.Deploy.0 = Release|Any CPU
		{BD810819-925A-440C-94E2-CE68FE3DC086}.Ad-Hoc|ARM.ActiveCfg = Release|Any CPU
		{BD810819-925A-440C-94E2-CE68FE3DC086}.Ad-Hoc|ARM.Build.0 = Release|Any CPU
		{BD810819-925A-440C-94E2-CE68FE3DC086}.Ad-Hoc|ARM.Deploy.0 = Release|Any CPU
		{BD810819-925A-440C-94E2-CE68FE3DC086}.Ad-Hoc|iPhone.ActiveCfg = Release|Any CPU
		{BD810819-925A-440C-94E2-CE68FE3DC086}.Ad-Hoc|iPhone.Build.0 = Release|Any CPU
		{BD810819-925A-440C-94E2-CE68FE3DC086}.Ad-Hoc|iPhone.Deploy.0 = Release|Any CPU
		{BD810819-925A-440C-94E2-CE68FE3DC086}.Ad-Hoc|iPhoneSimulator.ActiveCfg = Release|Any CPU
		{BD810819-925A-440C-94E2-CE68FE3DC086}.Ad-Hoc|iPhoneSimulator.Build.0 = Release|Any CPU
		{BD810819-925A-440C-94E2-CE68FE3DC086}.Ad-Hoc|iPhoneSimulator.Deploy.0 = Release|Any CPU
		{BD810819-925A-440C-94E2-CE68FE3DC086}.Ad-Hoc|x64.ActiveCfg = Release|Any CPU
		{BD810819-925A-440C-94E2-CE68FE3DC086}.Ad-Hoc|x64.Build.0 = Release|Any CPU
		{BD810819-925A-440C-94E2-CE68FE3DC086}.Ad-Hoc|x64.Deploy.0 = Release|Any CPU
		{BD810819-925A-440C-94E2-CE68FE3DC086}.Ad-Hoc|x86.ActiveCfg = Release|Any CPU
		{BD810819-925A-440C-94E2-CE68FE3DC086}.Ad-Hoc|x86.Build.0 = Release|Any CPU
		{BD810819-925A-440C-94E2-CE68FE3DC086}.Ad-Hoc|x86.Deploy.0 = Release|Any CPU
		{BD810819-925A-440C-94E2-CE68FE3DC086}.AppStore|Any CPU.ActiveCfg = Release|Any CPU
		{BD810819-925A-440C-94E2-CE68FE3DC086}.AppStore|Any CPU.Build.0 = Release|Any CPU
		{BD810819-925A-440C-94E2-CE68FE3DC086}.AppStore|Any CPU.Deploy.0 = Release|Any CPU
		{BD810819-925A-440C-94E2-CE68FE3DC086}.AppStore|ARM.ActiveCfg = Release|Any CPU
		{BD810819-925A-440C-94E2-CE68FE3DC086}.AppStore|ARM.Build.0 = Release|Any CPU
		{BD810819-925A-440C-94E2-CE68FE3DC086}.AppStore|ARM.Deploy.0 = Release|Any CPU
		{BD810819-925A-440C-94E2-CE68FE3DC086}.AppStore|iPhone.ActiveCfg = Release|Any CPU
		{BD810819-925A-440C-94E2-CE68FE3DC086}.AppStore|iPhone.Build.0 = Release|Any CPU
		{BD810819-925A-440C-94E2-CE68FE3DC086}.AppStore|iPhone.Deploy.0 = Release|Any CPU
		{BD810819-925A-440C-94E2-CE68FE3DC086}.AppStore|iPhoneSimulator.ActiveCfg = Release|Any CPU
		{BD810819-925A-440C-94E2-CE68FE3DC086}.AppStore|iPhoneSimulator.Build.0 = Release|Any CPU
		{BD810819-925A-440C-94E2-CE68FE3DC086}.AppStore|iPhoneSimulator.Deploy.0 = Release|Any CPU
		{BD810819-925A-440C-94E2-CE68FE3DC086}.AppStore|x64.ActiveCfg = Release|Any CPU
		{BD810819-925A-440C-94E2-CE68FE3DC086}.AppStore|x64.Build.0 = Release|Any CPU
		{BD810819-925A-440C-94E2-CE68FE3DC086}.AppStore|x64.Deploy.0 = Release|Any CPU
		{BD810819-925A-440C-94E2-CE68FE3DC086}.AppStore|x86.ActiveCfg = Release|Any CPU
		{BD810819-925A-440C-94E2-CE68FE3DC086}.AppStore|x86.Build.0 = Release|Any CPU
		{BD810819-925A-440C-94E2-CE68FE3DC086}.AppStore|x86.Deploy.0 = Release|Any CPU
		{BD810819-925A-440C-94E2-CE68FE3DC086}.Debug|Any CPU.ActiveCfg = Debug|Any CPU
		{BD810819-925A-440C-94E2-CE68FE3DC086}.Debug|Any CPU.Build.0 = Debug|Any CPU
		{BD810819-925A-440C-94E2-CE68FE3DC086}.Debug|Any CPU.Deploy.0 = Debug|Any CPU
		{BD810819-925A-440C-94E2-CE68FE3DC086}.Debug|ARM.ActiveCfg = Debug|Any CPU
		{BD810819-925A-440C-94E2-CE68FE3DC086}.Debug|ARM.Build.0 = Debug|Any CPU
		{BD810819-925A-440C-94E2-CE68FE3DC086}.Debug|ARM.Deploy.0 = Debug|Any CPU
		{BD810819-925A-440C-94E2-CE68FE3DC086}.Debug|iPhone.ActiveCfg = Debug|Any CPU
		{BD810819-925A-440C-94E2-CE68FE3DC086}.Debug|iPhone.Build.0 = Debug|Any CPU
		{BD810819-925A-440C-94E2-CE68FE3DC086}.Debug|iPhone.Deploy.0 = Debug|Any CPU
		{BD810819-925A-440C-94E2-CE68FE3DC086}.Debug|iPhoneSimulator.ActiveCfg = Debug|Any CPU
		{BD810819-925A-440C-94E2-CE68FE3DC086}.Debug|iPhoneSimulator.Build.0 = Debug|Any CPU
		{BD810819-925A-440C-94E2-CE68FE3DC086}.Debug|iPhoneSimulator.Deploy.0 = Debug|Any CPU
		{BD810819-925A-440C-94E2-CE68FE3DC086}.Debug|x64.ActiveCfg = Debug|Any CPU
		{BD810819-925A-440C-94E2-CE68FE3DC086}.Debug|x64.Build.0 = Debug|Any CPU
		{BD810819-925A-440C-94E2-CE68FE3DC086}.Debug|x64.Deploy.0 = Debug|Any CPU
		{BD810819-925A-440C-94E2-CE68FE3DC086}.Debug|x86.ActiveCfg = Debug|Any CPU
		{BD810819-925A-440C-94E2-CE68FE3DC086}.Debug|x86.Build.0 = Debug|Any CPU
		{BD810819-925A-440C-94E2-CE68FE3DC086}.Debug|x86.Deploy.0 = Debug|Any CPU
		{BD810819-925A-440C-94E2-CE68FE3DC086}.Release|Any CPU.ActiveCfg = Release|Any CPU
		{BD810819-925A-440C-94E2-CE68FE3DC086}.Release|Any CPU.Build.0 = Release|Any CPU
		{BD810819-925A-440C-94E2-CE68FE3DC086}.Release|Any CPU.Deploy.0 = Release|Any CPU
		{BD810819-925A-440C-94E2-CE68FE3DC086}.Release|ARM.ActiveCfg = Release|Any CPU
		{BD810819-925A-440C-94E2-CE68FE3DC086}.Release|ARM.Build.0 = Release|Any CPU
		{BD810819-925A-440C-94E2-CE68FE3DC086}.Release|ARM.Deploy.0 = Release|Any CPU
		{BD810819-925A-440C-94E2-CE68FE3DC086}.Release|iPhone.ActiveCfg = Release|Any CPU
		{BD810819-925A-440C-94E2-CE68FE3DC086}.Release|iPhone.Build.0 = Release|Any CPU
		{BD810819-925A-440C-94E2-CE68FE3DC086}.Release|iPhone.Deploy.0 = Release|Any CPU
		{BD810819-925A-440C-94E2-CE68FE3DC086}.Release|iPhoneSimulator.ActiveCfg = Release|Any CPU
		{BD810819-925A-440C-94E2-CE68FE3DC086}.Release|iPhoneSimulator.Build.0 = Release|Any CPU
		{BD810819-925A-440C-94E2-CE68FE3DC086}.Release|iPhoneSimulator.Deploy.0 = Release|Any CPU
		{BD810819-925A-440C-94E2-CE68FE3DC086}.Release|x64.ActiveCfg = Release|Any CPU
		{BD810819-925A-440C-94E2-CE68FE3DC086}.Release|x64.Build.0 = Release|Any CPU
		{BD810819-925A-440C-94E2-CE68FE3DC086}.Release|x64.Deploy.0 = Release|Any CPU
		{BD810819-925A-440C-94E2-CE68FE3DC086}.Release|x86.ActiveCfg = Release|Any CPU
		{BD810819-925A-440C-94E2-CE68FE3DC086}.Release|x86.Build.0 = Release|Any CPU
		{BD810819-925A-440C-94E2-CE68FE3DC086}.Release|x86.Deploy.0 = Release|Any CPU
		{97ACBD89-5473-4EFD-8BE4-77D9C9A69912}.Ad-Hoc|Any CPU.ActiveCfg = Release|Any CPU
		{97ACBD89-5473-4EFD-8BE4-77D9C9A69912}.Ad-Hoc|Any CPU.Build.0 = Release|Any CPU
		{97ACBD89-5473-4EFD-8BE4-77D9C9A69912}.Ad-Hoc|ARM.ActiveCfg = Release|Any CPU
		{97ACBD89-5473-4EFD-8BE4-77D9C9A69912}.Ad-Hoc|ARM.Build.0 = Release|Any CPU
		{97ACBD89-5473-4EFD-8BE4-77D9C9A69912}.Ad-Hoc|iPhone.ActiveCfg = Release|Any CPU
		{97ACBD89-5473-4EFD-8BE4-77D9C9A69912}.Ad-Hoc|iPhone.Build.0 = Release|Any CPU
		{97ACBD89-5473-4EFD-8BE4-77D9C9A69912}.Ad-Hoc|iPhoneSimulator.ActiveCfg = Release|Any CPU
		{97ACBD89-5473-4EFD-8BE4-77D9C9A69912}.Ad-Hoc|iPhoneSimulator.Build.0 = Release|Any CPU
		{97ACBD89-5473-4EFD-8BE4-77D9C9A69912}.Ad-Hoc|x64.ActiveCfg = Release|Any CPU
		{97ACBD89-5473-4EFD-8BE4-77D9C9A69912}.Ad-Hoc|x64.Build.0 = Release|Any CPU
		{97ACBD89-5473-4EFD-8BE4-77D9C9A69912}.Ad-Hoc|x86.ActiveCfg = Release|Any CPU
		{97ACBD89-5473-4EFD-8BE4-77D9C9A69912}.Ad-Hoc|x86.Build.0 = Release|Any CPU
		{97ACBD89-5473-4EFD-8BE4-77D9C9A69912}.AppStore|Any CPU.ActiveCfg = Release|Any CPU
		{97ACBD89-5473-4EFD-8BE4-77D9C9A69912}.AppStore|Any CPU.Build.0 = Release|Any CPU
		{97ACBD89-5473-4EFD-8BE4-77D9C9A69912}.AppStore|ARM.ActiveCfg = Release|Any CPU
		{97ACBD89-5473-4EFD-8BE4-77D9C9A69912}.AppStore|ARM.Build.0 = Release|Any CPU
		{97ACBD89-5473-4EFD-8BE4-77D9C9A69912}.AppStore|iPhone.ActiveCfg = Release|Any CPU
		{97ACBD89-5473-4EFD-8BE4-77D9C9A69912}.AppStore|iPhone.Build.0 = Release|Any CPU
		{97ACBD89-5473-4EFD-8BE4-77D9C9A69912}.AppStore|iPhoneSimulator.ActiveCfg = Release|Any CPU
		{97ACBD89-5473-4EFD-8BE4-77D9C9A69912}.AppStore|iPhoneSimulator.Build.0 = Release|Any CPU
		{97ACBD89-5473-4EFD-8BE4-77D9C9A69912}.AppStore|x64.ActiveCfg = Release|Any CPU
		{97ACBD89-5473-4EFD-8BE4-77D9C9A69912}.AppStore|x64.Build.0 = Release|Any CPU
		{97ACBD89-5473-4EFD-8BE4-77D9C9A69912}.AppStore|x86.ActiveCfg = Release|Any CPU
		{97ACBD89-5473-4EFD-8BE4-77D9C9A69912}.AppStore|x86.Build.0 = Release|Any CPU
		{97ACBD89-5473-4EFD-8BE4-77D9C9A69912}.Debug|Any CPU.ActiveCfg = Debug|Any CPU
		{97ACBD89-5473-4EFD-8BE4-77D9C9A69912}.Debug|Any CPU.Build.0 = Debug|Any CPU
		{97ACBD89-5473-4EFD-8BE4-77D9C9A69912}.Debug|Any CPU.Deploy.0 = Debug|Any CPU
		{97ACBD89-5473-4EFD-8BE4-77D9C9A69912}.Debug|ARM.ActiveCfg = Debug|Any CPU
		{97ACBD89-5473-4EFD-8BE4-77D9C9A69912}.Debug|ARM.Build.0 = Debug|Any CPU
		{97ACBD89-5473-4EFD-8BE4-77D9C9A69912}.Debug|iPhone.ActiveCfg = Debug|Any CPU
		{97ACBD89-5473-4EFD-8BE4-77D9C9A69912}.Debug|iPhone.Build.0 = Debug|Any CPU
		{97ACBD89-5473-4EFD-8BE4-77D9C9A69912}.Debug|iPhoneSimulator.ActiveCfg = Debug|Any CPU
		{97ACBD89-5473-4EFD-8BE4-77D9C9A69912}.Debug|iPhoneSimulator.Build.0 = Debug|Any CPU
		{97ACBD89-5473-4EFD-8BE4-77D9C9A69912}.Debug|x64.ActiveCfg = Debug|Any CPU
		{97ACBD89-5473-4EFD-8BE4-77D9C9A69912}.Debug|x64.Build.0 = Debug|Any CPU
		{97ACBD89-5473-4EFD-8BE4-77D9C9A69912}.Debug|x86.ActiveCfg = Debug|Any CPU
		{97ACBD89-5473-4EFD-8BE4-77D9C9A69912}.Debug|x86.Build.0 = Debug|Any CPU
		{97ACBD89-5473-4EFD-8BE4-77D9C9A69912}.Release|Any CPU.ActiveCfg = Release|Any CPU
		{97ACBD89-5473-4EFD-8BE4-77D9C9A69912}.Release|Any CPU.Build.0 = Release|Any CPU
		{97ACBD89-5473-4EFD-8BE4-77D9C9A69912}.Release|ARM.ActiveCfg = Release|Any CPU
		{97ACBD89-5473-4EFD-8BE4-77D9C9A69912}.Release|ARM.Build.0 = Release|Any CPU
		{97ACBD89-5473-4EFD-8BE4-77D9C9A69912}.Release|iPhone.ActiveCfg = Release|Any CPU
		{97ACBD89-5473-4EFD-8BE4-77D9C9A69912}.Release|iPhone.Build.0 = Release|Any CPU
		{97ACBD89-5473-4EFD-8BE4-77D9C9A69912}.Release|iPhoneSimulator.ActiveCfg = Release|Any CPU
		{97ACBD89-5473-4EFD-8BE4-77D9C9A69912}.Release|iPhoneSimulator.Build.0 = Release|Any CPU
		{97ACBD89-5473-4EFD-8BE4-77D9C9A69912}.Release|x64.ActiveCfg = Release|Any CPU
		{97ACBD89-5473-4EFD-8BE4-77D9C9A69912}.Release|x64.Build.0 = Release|Any CPU
		{97ACBD89-5473-4EFD-8BE4-77D9C9A69912}.Release|x86.ActiveCfg = Release|Any CPU
		{97ACBD89-5473-4EFD-8BE4-77D9C9A69912}.Release|x86.Build.0 = Release|Any CPU
		{F4F375D0-20FC-4B7E-97E7-8F39AC5BD245}.Ad-Hoc|Any CPU.ActiveCfg = Release|x86
		{F4F375D0-20FC-4B7E-97E7-8F39AC5BD245}.Ad-Hoc|Any CPU.Build.0 = Release|x86
		{F4F375D0-20FC-4B7E-97E7-8F39AC5BD245}.Ad-Hoc|Any CPU.Deploy.0 = Release|x86
		{F4F375D0-20FC-4B7E-97E7-8F39AC5BD245}.Ad-Hoc|ARM.ActiveCfg = Release|ARM
		{F4F375D0-20FC-4B7E-97E7-8F39AC5BD245}.Ad-Hoc|ARM.Build.0 = Release|ARM
		{F4F375D0-20FC-4B7E-97E7-8F39AC5BD245}.Ad-Hoc|ARM.Deploy.0 = Release|ARM
		{F4F375D0-20FC-4B7E-97E7-8F39AC5BD245}.Ad-Hoc|iPhone.ActiveCfg = Release|x86
		{F4F375D0-20FC-4B7E-97E7-8F39AC5BD245}.Ad-Hoc|iPhone.Build.0 = Release|x86
		{F4F375D0-20FC-4B7E-97E7-8F39AC5BD245}.Ad-Hoc|iPhone.Deploy.0 = Release|x86
		{F4F375D0-20FC-4B7E-97E7-8F39AC5BD245}.Ad-Hoc|iPhoneSimulator.ActiveCfg = Release|x86
		{F4F375D0-20FC-4B7E-97E7-8F39AC5BD245}.Ad-Hoc|iPhoneSimulator.Build.0 = Release|x86
		{F4F375D0-20FC-4B7E-97E7-8F39AC5BD245}.Ad-Hoc|iPhoneSimulator.Deploy.0 = Release|x86
		{F4F375D0-20FC-4B7E-97E7-8F39AC5BD245}.Ad-Hoc|x64.ActiveCfg = Release|x64
		{F4F375D0-20FC-4B7E-97E7-8F39AC5BD245}.Ad-Hoc|x64.Build.0 = Release|x64
		{F4F375D0-20FC-4B7E-97E7-8F39AC5BD245}.Ad-Hoc|x64.Deploy.0 = Release|x64
		{F4F375D0-20FC-4B7E-97E7-8F39AC5BD245}.Ad-Hoc|x86.ActiveCfg = Release|x86
		{F4F375D0-20FC-4B7E-97E7-8F39AC5BD245}.Ad-Hoc|x86.Build.0 = Release|x86
		{F4F375D0-20FC-4B7E-97E7-8F39AC5BD245}.Ad-Hoc|x86.Deploy.0 = Release|x86
		{F4F375D0-20FC-4B7E-97E7-8F39AC5BD245}.AppStore|Any CPU.ActiveCfg = Release|x86
		{F4F375D0-20FC-4B7E-97E7-8F39AC5BD245}.AppStore|Any CPU.Build.0 = Release|x86
		{F4F375D0-20FC-4B7E-97E7-8F39AC5BD245}.AppStore|Any CPU.Deploy.0 = Release|x86
		{F4F375D0-20FC-4B7E-97E7-8F39AC5BD245}.AppStore|ARM.ActiveCfg = Release|ARM
		{F4F375D0-20FC-4B7E-97E7-8F39AC5BD245}.AppStore|ARM.Build.0 = Release|ARM
		{F4F375D0-20FC-4B7E-97E7-8F39AC5BD245}.AppStore|ARM.Deploy.0 = Release|ARM
		{F4F375D0-20FC-4B7E-97E7-8F39AC5BD245}.AppStore|iPhone.ActiveCfg = Release|x86
		{F4F375D0-20FC-4B7E-97E7-8F39AC5BD245}.AppStore|iPhone.Build.0 = Release|x86
		{F4F375D0-20FC-4B7E-97E7-8F39AC5BD245}.AppStore|iPhone.Deploy.0 = Release|x86
		{F4F375D0-20FC-4B7E-97E7-8F39AC5BD245}.AppStore|iPhoneSimulator.ActiveCfg = Release|x86
		{F4F375D0-20FC-4B7E-97E7-8F39AC5BD245}.AppStore|iPhoneSimulator.Build.0 = Release|x86
		{F4F375D0-20FC-4B7E-97E7-8F39AC5BD245}.AppStore|iPhoneSimulator.Deploy.0 = Release|x86
		{F4F375D0-20FC-4B7E-97E7-8F39AC5BD245}.AppStore|x64.ActiveCfg = Release|x64
		{F4F375D0-20FC-4B7E-97E7-8F39AC5BD245}.AppStore|x64.Build.0 = Release|x64
		{F4F375D0-20FC-4B7E-97E7-8F39AC5BD245}.AppStore|x64.Deploy.0 = Release|x64
		{F4F375D0-20FC-4B7E-97E7-8F39AC5BD245}.AppStore|x86.ActiveCfg = Release|x86
		{F4F375D0-20FC-4B7E-97E7-8F39AC5BD245}.AppStore|x86.Build.0 = Release|x86
		{F4F375D0-20FC-4B7E-97E7-8F39AC5BD245}.AppStore|x86.Deploy.0 = Release|x86
		{F4F375D0-20FC-4B7E-97E7-8F39AC5BD245}.Debug|Any CPU.ActiveCfg = Debug|x86
		{F4F375D0-20FC-4B7E-97E7-8F39AC5BD245}.Debug|Any CPU.Build.0 = Debug|x86
		{F4F375D0-20FC-4B7E-97E7-8F39AC5BD245}.Debug|Any CPU.Deploy.0 = Debug|x86
		{F4F375D0-20FC-4B7E-97E7-8F39AC5BD245}.Debug|ARM.ActiveCfg = Debug|ARM
		{F4F375D0-20FC-4B7E-97E7-8F39AC5BD245}.Debug|ARM.Build.0 = Debug|ARM
		{F4F375D0-20FC-4B7E-97E7-8F39AC5BD245}.Debug|ARM.Deploy.0 = Debug|ARM
		{F4F375D0-20FC-4B7E-97E7-8F39AC5BD245}.Debug|iPhone.ActiveCfg = Debug|x86
		{F4F375D0-20FC-4B7E-97E7-8F39AC5BD245}.Debug|iPhoneSimulator.ActiveCfg = Debug|x86
		{F4F375D0-20FC-4B7E-97E7-8F39AC5BD245}.Debug|iPhoneSimulator.Build.0 = Debug|x86
		{F4F375D0-20FC-4B7E-97E7-8F39AC5BD245}.Debug|iPhoneSimulator.Deploy.0 = Debug|x86
		{F4F375D0-20FC-4B7E-97E7-8F39AC5BD245}.Debug|x64.ActiveCfg = Debug|x64
		{F4F375D0-20FC-4B7E-97E7-8F39AC5BD245}.Debug|x64.Build.0 = Debug|x64
		{F4F375D0-20FC-4B7E-97E7-8F39AC5BD245}.Debug|x64.Deploy.0 = Debug|x64
		{F4F375D0-20FC-4B7E-97E7-8F39AC5BD245}.Debug|x86.ActiveCfg = Debug|x86
		{F4F375D0-20FC-4B7E-97E7-8F39AC5BD245}.Debug|x86.Build.0 = Debug|x86
		{F4F375D0-20FC-4B7E-97E7-8F39AC5BD245}.Debug|x86.Deploy.0 = Debug|x86
		{F4F375D0-20FC-4B7E-97E7-8F39AC5BD245}.Release|Any CPU.ActiveCfg = Release|x86
		{F4F375D0-20FC-4B7E-97E7-8F39AC5BD245}.Release|ARM.ActiveCfg = Release|ARM
		{F4F375D0-20FC-4B7E-97E7-8F39AC5BD245}.Release|ARM.Build.0 = Release|ARM
		{F4F375D0-20FC-4B7E-97E7-8F39AC5BD245}.Release|ARM.Deploy.0 = Release|ARM
		{F4F375D0-20FC-4B7E-97E7-8F39AC5BD245}.Release|iPhone.ActiveCfg = Release|x86
		{F4F375D0-20FC-4B7E-97E7-8F39AC5BD245}.Release|iPhoneSimulator.ActiveCfg = Release|x86
		{F4F375D0-20FC-4B7E-97E7-8F39AC5BD245}.Release|x64.ActiveCfg = Release|x64
		{F4F375D0-20FC-4B7E-97E7-8F39AC5BD245}.Release|x64.Build.0 = Release|x64
		{F4F375D0-20FC-4B7E-97E7-8F39AC5BD245}.Release|x64.Deploy.0 = Release|x64
		{F4F375D0-20FC-4B7E-97E7-8F39AC5BD245}.Release|x86.ActiveCfg = Release|x86
		{F4F375D0-20FC-4B7E-97E7-8F39AC5BD245}.Release|x86.Build.0 = Release|x86
		{F4F375D0-20FC-4B7E-97E7-8F39AC5BD245}.Release|x86.Deploy.0 = Release|x86
		{9A231869-96F3-4C73-B50B-2E25B8A8B9BF}.Ad-Hoc|Any CPU.ActiveCfg = Ad-Hoc|iPhone
		{9A231869-96F3-4C73-B50B-2E25B8A8B9BF}.Ad-Hoc|ARM.ActiveCfg = Ad-Hoc|iPhone
		{9A231869-96F3-4C73-B50B-2E25B8A8B9BF}.Ad-Hoc|iPhone.ActiveCfg = Ad-Hoc|iPhone
		{9A231869-96F3-4C73-B50B-2E25B8A8B9BF}.Ad-Hoc|iPhone.Build.0 = Ad-Hoc|iPhone
		{9A231869-96F3-4C73-B50B-2E25B8A8B9BF}.Ad-Hoc|iPhoneSimulator.ActiveCfg = Ad-Hoc|iPhoneSimulator
		{9A231869-96F3-4C73-B50B-2E25B8A8B9BF}.Ad-Hoc|iPhoneSimulator.Build.0 = Ad-Hoc|iPhoneSimulator
		{9A231869-96F3-4C73-B50B-2E25B8A8B9BF}.Ad-Hoc|x64.ActiveCfg = Ad-Hoc|iPhone
		{9A231869-96F3-4C73-B50B-2E25B8A8B9BF}.Ad-Hoc|x86.ActiveCfg = Ad-Hoc|iPhone
		{9A231869-96F3-4C73-B50B-2E25B8A8B9BF}.AppStore|Any CPU.ActiveCfg = AppStore|iPhone
		{9A231869-96F3-4C73-B50B-2E25B8A8B9BF}.AppStore|ARM.ActiveCfg = AppStore|iPhone
		{9A231869-96F3-4C73-B50B-2E25B8A8B9BF}.AppStore|iPhone.ActiveCfg = AppStore|iPhone
		{9A231869-96F3-4C73-B50B-2E25B8A8B9BF}.AppStore|iPhone.Build.0 = AppStore|iPhone
		{9A231869-96F3-4C73-B50B-2E25B8A8B9BF}.AppStore|iPhoneSimulator.ActiveCfg = AppStore|iPhoneSimulator
		{9A231869-96F3-4C73-B50B-2E25B8A8B9BF}.AppStore|iPhoneSimulator.Build.0 = AppStore|iPhoneSimulator
		{9A231869-96F3-4C73-B50B-2E25B8A8B9BF}.AppStore|x64.ActiveCfg = AppStore|iPhone
		{9A231869-96F3-4C73-B50B-2E25B8A8B9BF}.AppStore|x86.ActiveCfg = AppStore|iPhone
		{9A231869-96F3-4C73-B50B-2E25B8A8B9BF}.Debug|Any CPU.ActiveCfg = Debug|iPhone
		{9A231869-96F3-4C73-B50B-2E25B8A8B9BF}.Debug|Any CPU.Build.0 = Debug|iPhone
		{9A231869-96F3-4C73-B50B-2E25B8A8B9BF}.Debug|ARM.ActiveCfg = Debug|iPhone
		{9A231869-96F3-4C73-B50B-2E25B8A8B9BF}.Debug|iPhone.ActiveCfg = Debug|iPhone
		{9A231869-96F3-4C73-B50B-2E25B8A8B9BF}.Debug|iPhone.Build.0 = Debug|iPhone
		{9A231869-96F3-4C73-B50B-2E25B8A8B9BF}.Debug|iPhoneSimulator.ActiveCfg = Debug|iPhoneSimulator
		{9A231869-96F3-4C73-B50B-2E25B8A8B9BF}.Debug|iPhoneSimulator.Build.0 = Debug|iPhoneSimulator
		{9A231869-96F3-4C73-B50B-2E25B8A8B9BF}.Debug|x64.ActiveCfg = Debug|iPhone
		{9A231869-96F3-4C73-B50B-2E25B8A8B9BF}.Debug|x86.ActiveCfg = Debug|iPhone
		{9A231869-96F3-4C73-B50B-2E25B8A8B9BF}.Release|Any CPU.ActiveCfg = Release|iPhone
		{9A231869-96F3-4C73-B50B-2E25B8A8B9BF}.Release|ARM.ActiveCfg = Release|iPhone
		{9A231869-96F3-4C73-B50B-2E25B8A8B9BF}.Release|iPhone.ActiveCfg = Release|iPhone
		{9A231869-96F3-4C73-B50B-2E25B8A8B9BF}.Release|iPhone.Build.0 = Release|iPhone
		{9A231869-96F3-4C73-B50B-2E25B8A8B9BF}.Release|iPhoneSimulator.ActiveCfg = Release|iPhoneSimulator
		{9A231869-96F3-4C73-B50B-2E25B8A8B9BF}.Release|iPhoneSimulator.Build.0 = Release|iPhoneSimulator
		{9A231869-96F3-4C73-B50B-2E25B8A8B9BF}.Release|x64.ActiveCfg = Release|iPhone
		{9A231869-96F3-4C73-B50B-2E25B8A8B9BF}.Release|x86.ActiveCfg = Release|iPhone
	EndGlobalSection
	GlobalSection(SolutionProperties) = preSolution
		HideSolutionNode = FALSE
	EndGlobalSection
EndGlobal
